
Microsoft Visual Studio Solution File, Format Version 12.00
# Visual Studio Version 17
VisualStudioVersion = 17.7.34221.43
MinimumVisualStudioVersion = 10.0.40219.1
Project("{FAE04EC0-301F-11D3-BF4B-00C04F79EFBC}") = "ModernDesign", "ModernDesign.csproj", "{C3B6A6D4-B4D1-4AAA-A221-D4CE159B5BA1}"
EndProject
Global
	GlobalSection(SolutionConfigurationPlatforms) = preSolution
		Debug|Any CPU = Debug|Any CPU
		Release|Any CPU = Release|Any CPU
	EndGlobalSection
	GlobalSection(ProjectConfigurationPlatforms) = postSolution
		{C3B6A6D4-B4D1-4AAA-A221-D4CE159B5BA1}.Debug|Any CPU.ActiveCfg = Debug|Any CPU
		{C3B6A6D4-B4D1-4AAA-A221-D4CE159B5BA1}.Debug|Any CPU.Build.0 = Debug|Any CPU
		{C3B6A6D4-B4D1-4AAA-A221-D4CE159B5BA1}.Release|Any CPU.ActiveCfg = Release|Any CPU
		{C3B6A6D4-B4D1-4AAA-A221-D4CE159B5BA1}.Release|Any CPU.Build.0 = Release|Any CPU
	EndGlobalSection
	GlobalSection(SolutionProperties) = preSolution
		HideSolutionNode = FALSE
	EndGlobalSection
	GlobalSection(ExtensibilityGlobals) = postSolution
		SolutionGuid = {AAC97C24-B61C-49E3-B06C-613881EE440C}
	EndGlobalSection
EndGlobal
